
Microsoft Visual Studio Solution File, Format Version 12.00
# Visual Studio Version 17
VisualStudioVersion = 17.5.33516.290
MinimumVisualStudioVersion = 10.0.40219.1
Project("{9A19103F-16F7-4668-BE54-9A1E7A4F7556}") = "task2207_clients", "task2207_clients\task2207_clients.csproj", "{F74F0615-42AB-44D2-AD54-650803B856CA}"
EndProject
Project("{FAE04EC0-301F-11D3-BF4B-00C04F79EFBC}") = "task2207_agents", "task2207_agents\task2207_agents.csproj", "{4C349D64-3E29-468C-BA7F-39A9BC18A5E8}"
EndProject
Global
	GlobalSection(SolutionConfigurationPlatforms) = preSolution
		Debug|Any CPU = Debug|Any CPU
		Release|Any CPU = Release|Any CPU
	EndGlobalSection
	GlobalSection(ProjectConfigurationPlatforms) = postSolution
		{F74F0615-42AB-44D2-AD54-650803B856CA}.Debug|Any CPU.ActiveCfg = Debug|Any CPU
		{F74F0615-42AB-44D2-AD54-650803B856CA}.Debug|Any CPU.Build.0 = Debug|Any CPU
		{F74F0615-42AB-44D2-AD54-650803B856CA}.Release|Any CPU.ActiveCfg = Release|Any CPU
		{F74F0615-42AB-44D2-AD54-650803B856CA}.Release|Any CPU.Build.0 = Release|Any CPU
		{4C349D64-3E29-468C-BA7F-39A9BC18A5E8}.Debug|Any CPU.ActiveCfg = Debug|Any CPU
		{4C349D64-3E29-468C-BA7F-39A9BC18A5E8}.Debug|Any CPU.Build.0 = Debug|Any CPU
		{4C349D64-3E29-468C-BA7F-39A9BC18A5E8}.Release|Any CPU.ActiveCfg = Release|Any CPU
		{4C349D64-3E29-468C-BA7F-39A9BC18A5E8}.Release|Any CPU.Build.0 = Release|Any CPU
	EndGlobalSection
	GlobalSection(SolutionProperties) = preSolution
		HideSolutionNode = FALSE
	EndGlobalSection
	GlobalSection(ExtensibilityGlobals) = postSolution
		SolutionGuid = {BAAF0D2F-AB08-4D32-BBFD-DEFACB8AC15F}
	EndGlobalSection
EndGlobal
